
Microsoft Visual Studio Solution File, Format Version 12.00
# Visual Studio Version 16
VisualStudioVersion = 16.0.34031.81
MinimumVisualStudioVersion = 10.0.40219.1
Project("{FAE04EC0-301F-11D3-BF4B-00C04F79EFBC}") = "ExamWeb_NguyenTanPhong", "ExamWeb_NguyenTanPhong\ExamWeb_NguyenTanPhong.csproj", "{973CEA57-FBF1-4194-A81B-79A86033490C}"
EndProject
Global
	GlobalSection(SolutionConfigurationPlatforms) = preSolution
		Debug|Any CPU = Debug|Any CPU
		Release|Any CPU = Release|Any CPU
	EndGlobalSection
	GlobalSection(ProjectConfigurationPlatforms) = postSolution
		{973CEA57-FBF1-4194-A81B-79A86033490C}.Debug|Any CPU.ActiveCfg = Debug|Any CPU
		{973CEA57-FBF1-4194-A81B-79A86033490C}.Debug|Any CPU.Build.0 = Debug|Any CPU
		{973CEA57-FBF1-4194-A81B-79A86033490C}.Release|Any CPU.ActiveCfg = Release|Any CPU
		{973CEA57-FBF1-4194-A81B-79A86033490C}.Release|Any CPU.Build.0 = Release|Any CPU
	EndGlobalSection
	GlobalSection(SolutionProperties) = preSolution
		HideSolutionNode = FALSE
	EndGlobalSection
	GlobalSection(ExtensibilityGlobals) = postSolution
		SolutionGuid = {035E9179-E8C5-4219-A46F-193974242C49}
	EndGlobalSection
EndGlobal
